
Microsoft Visual Studio Solution File, Format Version 12.00
# Visual Studio Version 16
VisualStudioVersion = 16.0.31605.320
MinimumVisualStudioVersion = 10.0.40219.1
Project("{FAE04EC0-301F-11D3-BF4B-00C04F79EFBC}") = "Calculadora", "Calculadora\Calculadora.csproj", "{3FED4297-650D-4CD8-AE23-109C8E55B3DD}"
EndProject
Global
	GlobalSection(SolutionConfigurationPlatforms) = preSolution
		Debug|Any CPU = Debug|Any CPU
		Release|Any CPU = Release|Any CPU
	EndGlobalSection
	GlobalSection(ProjectConfigurationPlatforms) = postSolution
		{3FED4297-650D-4CD8-AE23-109C8E55B3DD}.Debug|Any CPU.ActiveCfg = Debug|Any CPU
		{3FED4297-650D-4CD8-AE23-109C8E55B3DD}.Debug|Any CPU.Build.0 = Debug|Any CPU
		{3FED4297-650D-4CD8-AE23-109C8E55B3DD}.Release|Any CPU.ActiveCfg = Release|Any CPU
		{3FED4297-650D-4CD8-AE23-109C8E55B3DD}.Release|Any CPU.Build.0 = Release|Any CPU
	EndGlobalSection
	GlobalSection(SolutionProperties) = preSolution
		HideSolutionNode = FALSE
	EndGlobalSection
	GlobalSection(ExtensibilityGlobals) = postSolution
		SolutionGuid = {2BCECAE3-C902-4575-A6E0-89590D57B7BC}
	EndGlobalSection
EndGlobal
